# THIS IS AN AUTOGENERATED FILE. DO NOT EDIT THIS FILE DIRECTLY.
# yarn lockfile v1


markdown-to-jsx@^7.1.7:
  version "7.1.7"
  resolved "https://registry.yarnpkg.com/markdown-to-jsx/-/markdown-to-jsx-7.1.7.tgz#a5f22102fb12241c8cea1ca6a4050bb76b23a25d"
  integrity sha512-VI3TyyHlGkO8uFle0IOibzpO1c1iJDcXcS/zBrQrXQQvJ2tpdwVzVZ7XdKsyRz1NdRmre4dqQkMZzUHaKIG/1w==
